// !$*UTF8*$!
{
	archiveVersion = 1;
	classes = {
	};
	objectVersion = 50;
	objects = {

/* Begin PBXBuildFile section */
		FD05E2A120A0277A00764FD9 /* AppDelegate.m in Sources */ = {isa = PBXBuildFile; fileRef = FD05E2A020A0277A00764FD9 /* AppDelegate.m */; };
		FD05E2A420A0277A00764FD9 /* ViewController.m in Sources */ = {isa = PBXBuildFile; fileRef = FD05E2A320A0277A00764FD9 /* ViewController.m */; };
		FD05E2A720A0277A00764FD9 /* Main.storyboard in Resources */ = {isa = PBXBuildFile; fileRef = FD05E2A520A0277A00764FD9 /* Main.storyboard */; };
		FD05E2A920A0277D00764FD9 /* Assets.xcassets in Resources */ = {isa = PBXBuildFile; fileRef = FD05E2A820A0277D00764FD9 /* Assets.xcassets */; };
		FD05E2AC20A0277D00764FD9 /* LaunchScreen.storyboard in Resources */ = {isa = PBXBuildFile; fileRef = FD05E2AA20A0277D00764FD9 /* LaunchScreen.storyboard */; };
		FD05E2AF20A0277D00764FD9 /* main.m in Sources */ = {isa = PBXBuildFile; fileRef = FD05E2AE20A0277D00764FD9 /* main.m */; };
		FD05E2B920A0277D00764FD9 /* DrawerTests.m in Sources */ = {isa = PBXBuildFile; fileRef = FD05E2B820A0277D00764FD9 /* DrawerTests.m */; };
		FD05E2C420A0277D00764FD9 /* DrawerUITests.m in Sources */ = {isa = PBXBuildFile; fileRef = FD05E2C320A0277D00764FD9 /* DrawerUITests.m */; };
		FD05E2D420A02D1900764FD9 /* SecondVC.m in Sources */ = {isa = PBXBuildFile; fileRef = FD05E2D220A02D1900764FD9 /* SecondVC.m */; };
		FD05E2D520A02D1900764FD9 /* SecondVC.xib in Resources */ = {isa = PBXBuildFile; fileRef = FD05E2D320A02D1900764FD9 /* SecondVC.xib */; };
		FD05E2D920A02D2500764FD9 /* FirstVC.m in Sources */ = {isa = PBXBuildFile; fileRef = FD05E2D720A02D2500764FD9 /* FirstVC.m */; };
		FD05E2DA20A02D2500764FD9 /* FirstVC.xib in Resources */ = {isa = PBXBuildFile; fileRef = FD05E2D820A02D2500764FD9 /* FirstVC.xib */; };
		FD05E2DD20A2D21A00764FD9 /* UIView+Frame.m in Sources */ = {isa = PBXBuildFile; fileRef = FD05E2DC20A2D21A00764FD9 /* UIView+Frame.m */; };
/* End PBXBuildFile section */

/* Begin PBXContainerItemProxy section */
		FD05E2B520A0277D00764FD9 /* PBXContainerItemProxy */ = {
			isa = PBXContainerItemProxy;
			containerPortal = FD05E29420A0277A00764FD9 /* Project object */;
			proxyType = 1;
			remoteGlobalIDString = FD05E29B20A0277A00764FD9;
			remoteInfo = Drawer;
		};
		FD05E2C020A0277D00764FD9 /* PBXContainerItemProxy */ = {
			isa = PBXContainerItemProxy;
			containerPortal = FD05E29420A0277A00764FD9 /* Project object */;
			proxyType = 1;
			remoteGlobalIDString = FD05E29B20A0277A00764FD9;
			remoteInfo = Drawer;
		};
/* End PBXContainerItemProxy section */

/* Begin PBXFileReference section */
		FD05E29C20A0277A00764FD9 /* Drawer.app */ = {isa = PBXFileReference; explicitFileType = wrapper.application; includeInIndex = 0; path = Drawer.app; sourceTree = BUILT_PRODUCTS_DIR; };
		FD05E29F20A0277A00764FD9 /* AppDelegate.h */ = {isa = PBXFileReference; lastKnownFileType = sourcecode.c.h; path = AppDelegate.h; sourceTree = "<group>"; };
		FD05E2A020A0277A00764FD9 /* AppDelegate.m */ = {isa = PBXFileReference; lastKnownFileType = sourcecode.c.objc; path = AppDelegate.m; sourceTree = "<group>"; };
		FD05E2A220A0277A00764FD9 /* ViewController.h */ = {isa = PBXFileReference; lastKnownFileType = sourcecode.c.h; path = ViewController.h; sourceTree = "<group>"; };
		FD05E2A320A0277A00764FD9 /* ViewController.m */ = {isa = PBXFileReference; lastKnownFileType = sourcecode.c.objc; path = ViewController.m; sourceTree = "<group>"; };
		FD05E2A620A0277A00764FD9 /* Base */ = {isa = PBXFileReference; lastKnownFileType = file.storyboard; name = Base; path = Base.lproj/Main.storyboard; sourceTree = "<group>"; };
		FD05E2A820A0277D00764FD9 /* Assets.xcassets */ = {isa = PBXFileReference; lastKnownFileType = folder.assetcatalog; path = Assets.xcassets; sourceTree = "<group>"; };
		FD05E2AB20A0277D00764FD9 /* Base */ = {isa = PBXFileReference; lastKnownFileType = file.storyboard; name = Base; path = Base.lproj/LaunchScreen.storyboard; sourceTree = "<group>"; };
		FD05E2AD20A0277D00764FD9 /* Info.plist */ = {isa = PBXFileReference; lastKnownFileType = text.plist.xml; path = Info.plist; sourceTree = "<group>"; };
		FD05E2AE20A0277D00764FD9 /* main.m */ = {isa = PBXFileReference; lastKnownFileType = sourcecode.c.objc; path = main.m; sourceTree = "<group>"; };
		FD05E2B420A0277D00764FD9 /* DrawerTests.xctest */ = {isa = PBXFileReference; explicitFileType = wrapper.cfbundle; includeInIndex = 0; path = DrawerTests.xctest; sourceTree = BUILT_PRODUCTS_DIR; };
		FD05E2B820A0277D00764FD9 /* DrawerTests.m */ = {isa = PBXFileReference; lastKnownFileType = sourcecode.c.objc; path = DrawerTests.m; sourceTree = "<group>"; };
		FD05E2BA20A0277D00764FD9 /* Info.plist */ = {isa = PBXFileReference; lastKnownFileType = text.plist.xml; path = Info.plist; sourceTree = "<group>"; };
		FD05E2BF20A0277D00764FD9 /* DrawerUITests.xctest */ = {isa = PBXFileReference; explicitFileType = wrapper.cfbundle; includeInIndex = 0; path = DrawerUITests.xctest; sourceTree = BUILT_PRODUCTS_DIR; };
		FD05E2C320A0277D00764FD9 /* DrawerUITests.m */ = {isa = PBXFileReference; lastKnownFileType = sourcecode.c.objc; path = DrawerUITests.m; sourceTree = "<group>"; };
		FD05E2C520A0277D00764FD9 /* Info.plist */ = {isa = PBXFileReference; lastKnownFileType = text.plist.xml; path = Info.plist; sourceTree = "<group>"; };
		FD05E2D120A02D1900764FD9 /* SecondVC.h */ = {isa = PBXFileReference; lastKnownFileType = sourcecode.c.h; path = SecondVC.h; sourceTree = "<group>"; };
		FD05E2D220A02D1900764FD9 /* SecondVC.m */ = {isa = PBXFileReference; lastKnownFileType = sourcecode.c.objc; path = SecondVC.m; sourceTree = "<group>"; };
		FD05E2D320A02D1900764FD9 /* SecondVC.xib */ = {isa = PBXFileReference; lastKnownFileType = file.xib; path = SecondVC.xib; sourceTree = "<group>"; };
		FD05E2D620A02D2500764FD9 /* FirstVC.h */ = {isa = PBXFileReference; lastKnownFileType = sourcecode.c.h; path = FirstVC.h; sourceTree = "<group>"; };
		FD05E2D720A02D2500764FD9 /* FirstVC.m */ = {isa = PBXFileReference; lastKnownFileType = sourcecode.c.objc; path = FirstVC.m; sourceTree = "<group>"; };
		FD05E2D820A02D2500764FD9 /* FirstVC.xib */ = {isa = PBXFileReference; lastKnownFileType = file.xib; path = FirstVC.xib; sourceTree = "<group>"; };
		FD05E2DB20A2D21900764FD9 /* UIView+Frame.h */ = {isa = PBXFileReference; lastKnownFileType = sourcecode.c.h; path = "UIView+Frame.h"; sourceTree = "<group>"; };
		FD05E2DC20A2D21A00764FD9 /* UIView+Frame.m */ = {isa = PBXFileReference; lastKnownFileType = sourcecode.c.objc; path = "UIView+Frame.m"; sourceTree = "<group>"; };
/* End PBXFileReference section */

/* Begin PBXFrameworksBuildPhase section */
		FD05E29920A0277A00764FD9 /* Frameworks */ = {
			isa = PBXFrameworksBuildPhase;
			buildActionMask = 2147483647;
			files = (
			);
			runOnlyForDeploymentPostprocessing = 0;
		};
		FD05E2B120A0277D00764FD9 /* Frameworks */ = {
			isa = PBXFrameworksBuildPhase;
			buildActionMask = 2147483647;
			files = (
			);
			runOnlyForDeploymentPostprocessing = 0;
		};
		FD05E2BC20A0277D00764FD9 /* Frameworks */ = {
			isa = PBXFrameworksBuildPhase;
			buildActionMask = 2147483647;
			files = (
			);
			runOnlyForDeploymentPostprocessing = 0;
		};
/* End PBXFrameworksBuildPhase section */

/* Begin PBXGroup section */
		FD05E29320A0277A00764FD9 = {
			isa = PBXGroup;
			children = (
				FD05E29E20A0277A00764FD9 /* Drawer */,
				FD05E2B720A0277D00764FD9 /* DrawerTests */,
				FD05E2C220A0277D00764FD9 /* DrawerUITests */,
				FD05E29D20A0277A00764FD9 /* Products */,
			);
			sourceTree = "<group>";
		};
		FD05E29D20A0277A00764FD9 /* Products */ = {
			isa = PBXGroup;
			children = (
				FD05E29C20A0277A00764FD9 /* Drawer.app */,
				FD05E2B420A0277D00764FD9 /* DrawerTests.xctest */,
				FD05E2BF20A0277D00764FD9 /* DrawerUITests.xctest */,
			);
			name = Products;
			sourceTree = "<group>";
		};
		FD05E29E20A0277A00764FD9 /* Drawer */ = {
			isa = PBXGroup;
			children = (
				FD05E29F20A0277A00764FD9 /* AppDelegate.h */,
				FD05E2A020A0277A00764FD9 /* AppDelegate.m */,
				FD05E2A220A0277A00764FD9 /* ViewController.h */,
				FD05E2A320A0277A00764FD9 /* ViewController.m */,
				FD05E2DB20A2D21900764FD9 /* UIView+Frame.h */,
				FD05E2DC20A2D21A00764FD9 /* UIView+Frame.m */,
				FD05E2D620A02D2500764FD9 /* FirstVC.h */,
				FD05E2D720A02D2500764FD9 /* FirstVC.m */,
				FD05E2D820A02D2500764FD9 /* FirstVC.xib */,
				FD05E2D120A02D1900764FD9 /* SecondVC.h */,
				FD05E2D220A02D1900764FD9 /* SecondVC.m */,
				FD05E2D320A02D1900764FD9 /* SecondVC.xib */,
				FD05E2A520A0277A00764FD9 /* Main.storyboard */,
				FD05E2A820A0277D00764FD9 /* Assets.xcassets */,
				FD05E2AA20A0277D00764FD9 /* LaunchScreen.storyboard */,
				FD05E2AD20A0277D00764FD9 /* Info.plist */,
				FD05E2AE20A0277D00764FD9 /* main.m */,
			);
			path = Drawer;
			sourceTree = "<group>";
		};
		FD05E2B720A0277D00764FD9 /* DrawerTests */ = {
			isa = PBXGroup;
			children = (
				FD05E2B820A0277D00764FD9 /* DrawerTests.m */,
				FD05E2BA20A0277D00764FD9 /* Info.plist */,
			);
			path = DrawerTests;
			sourceTree = "<group>";
		};
		FD05E2C220A0277D00764FD9 /* DrawerUITests */ = {
			isa = PBXGroup;
			children = (
				FD05E2C320A0277D00764FD9 /* DrawerUITests.m */,
				FD05E2C520A0277D00764FD9 /* Info.plist */,
			);
			path = DrawerUITests;
			sourceTree = "<group>";
		};
/* End PBXGroup section */

/* Begin PBXNativeTarget section */
		FD05E29B20A0277A00764FD9 /* Drawer */ = {
			isa = PBXNativeTarget;
			buildConfigurationList = FD05E2C820A0277D00764FD9 /* Build configuration list for PBXNativeTarget "Drawer" */;
			buildPhases = (
				FD05E29820A0277A00764FD9 /* Sources */,
				FD05E29920A0277A00764FD9 /* Frameworks */,
				FD05E29A20A0277A00764FD9 /* Resources */,
			);
			buildRules = (
			);
			dependencies = (
			);
			name = Drawer;
			productName = Drawer;
			productReference = FD05E29C20A0277A00764FD9 /* Drawer.app */;
			productType = "com.apple.product-type.application";
		};
		FD05E2B320A0277D00764FD9 /* DrawerTests */ = {
			isa = PBXNativeTarget;
			buildConfigurationList = FD05E2CB20A0277D00764FD9 /* Build configuration list for PBXNativeTarget "DrawerTests" */;
			buildPhases = (
				FD05E2B020A0277D00764FD9 /* Sources */,
				FD05E2B120A0277D00764FD9 /* Frameworks */,
				FD05E2B220A0277D00764FD9 /* Resources */,
			);
			buildRules = (
			);
			dependencies = (
				FD05E2B620A0277D00764FD9 /* PBXTargetDependency */,
			);
			name = DrawerTests;
			productName = DrawerTests;
			productReference = FD05E2B420A0277D00764FD9 /* DrawerTests.xctest */;
			productType = "com.apple.product-type.bundle.unit-test";
		};
		FD05E2BE20A0277D00764FD9 /* DrawerUITests */ = {
			isa = PBXNativeTarget;
			buildConfigurationList = FD05E2CE20A0277D00764FD9 /* Build configuration list for PBXNativeTarget "DrawerUITests" */;
			buildPhases = (
				FD05E2BB20A0277D00764FD9 /* Sources */,
				FD05E2BC20A0277D00764FD9 /* Frameworks */,
				FD05E2BD20A0277D00764FD9 /* Resources */,
			);
			buildRules = (
			);
			dependencies = (
				FD05E2C120A0277D00764FD9 /* PBXTargetDependency */,
			);
			name = DrawerUITests;
			productName = DrawerUITests;
			productReference = FD05E2BF20A0277D00764FD9 /* DrawerUITests.xctest */;
			productType = "com.apple.product-type.bundle.ui-testing";
		};
/* End PBXNativeTarget section */

/* Begin PBXProject section */
		FD05E29420A0277A00764FD9 /* Project object */ = {
			isa = PBXProject;
			attributes = {
				LastUpgradeCheck = 0930;
				ORGANIZATIONNAME = "Wangli Technology Co. Ltd";
				TargetAttributes = {
					FD05E29B20A0277A00764FD9 = {
						CreatedOnToolsVersion = 9.3;
					};
					FD05E2B320A0277D00764FD9 = {
						CreatedOnToolsVersion = 9.3;
						TestTargetID = FD05E29B20A0277A00764FD9;
					};
					FD05E2BE20A0277D00764FD9 = {
						CreatedOnToolsVersion = 9.3;
						TestTargetID = FD05E29B20A0277A00764FD9;
					};
				};
			};
			buildConfigurationList = FD05E29720A0277A00764FD9 /* Build configuration list for PBXProject "Drawer" */;
			compatibilityVersion = "Xcode 9.3";
			developmentRegion = en;
			hasScannedForEncodings = 0;
			knownRegions = (
				en,
				Base,
			);
			mainGroup = FD05E29320A0277A00764FD9;
			productRefGroup = FD05E29D20A0277A00764FD9 /* Products */;
			projectDirPath = "";
			projectRoot = "";
			targets = (
				FD05E29B20A0277A00764FD9 /* Drawer */,
				FD05E2B320A0277D00764FD9 /* DrawerTests */,
				FD05E2BE20A0277D00764FD9 /* DrawerUITests */,
			);
		};
/* End PBXProject section */

/* Begin PBXResourcesBuildPhase section */
		FD05E29A20A0277A00764FD9 /* Resources */ = {
			isa = PBXResourcesBuildPhase;
			buildActionMask = 2147483647;
			files = (
				FD05E2AC20A0277D00764FD9 /* LaunchScreen.storyboard in Resources */,
				FD05E2A920A0277D00764FD9 /* Assets.xcassets in Resources */,
				FD05E2D520A02D1900764FD9 /* SecondVC.xib in Resources */,
				FD05E2A720A0277A00764FD9 /* Main.storyboard in Resources */,
				FD05E2DA20A02D2500764FD9 /* FirstVC.xib in Resources */,
			);
			runOnlyForDeploymentPostprocessing = 0;
		};
		FD05E2B220A0277D00764FD9 /* Resources */ = {
			isa = PBXResourcesBuildPhase;
			buildActionMask = 2147483647;
			files = (
			);
			runOnlyForDeploymentPostprocessing = 0;
		};
		FD05E2BD20A0277D00764FD9 /* Resources */ = {
			isa = PBXResourcesBuildPhase;
			buildActionMask = 2147483647;
			files = (
			);
			runOnlyForDeploymentPostprocessing = 0;
		};
/* End PBXResourcesBuildPhase section */

/* Begin PBXSourcesBuildPhase section */
		FD05E29820A0277A00764FD9 /* Sources */ = {
			isa = PBXSourcesBuildPhase;
			buildActionMask = 2147483647;
			files = (
				FD05E2DD20A2D21A00764FD9 /* UIView+Frame.m in Sources */,
				FD05E2D920A02D2500764FD9 /* FirstVC.m in Sources */,
				FD05E2A420A0277A00764FD9 /* ViewController.m in Sources */,
				FD05E2AF20A0277D00764FD9 /* main.m in Sources */,
				FD05E2D420A02D1900764FD9 /* SecondVC.m in Sources */,
				FD05E2A120A0277A00764FD9 /* AppDelegate.m in Sources */,
			);
			runOnlyForDeploymentPostprocessing = 0;
		};
		FD05E2B020A0277D00764FD9 /* Sources */ = {
			isa = PBXSourcesBuildPhase;
			buildActionMask = 2147483647;
			files = (
				FD05E2B920A0277D00764FD9 /* DrawerTests.m in Sources */,
			);
			runOnlyForDeploymentPostprocessing = 0;
		};
		FD05E2BB20A0277D00764FD9 /* Sources */ = {
			isa = PBXSourcesBuildPhase;
			buildActionMask = 2147483647;
			files = (
				FD05E2C420A0277D00764FD9 /* DrawerUITests.m in Sources */,
			);
			runOnlyForDeploymentPostprocessing = 0;
		};
/* End PBXSourcesBuildPhase section */

/* Begin PBXTargetDependency section */
		FD05E2B620A0277D00764FD9 /* PBXTargetDependency */ = {
			isa = PBXTargetDependency;
			target = FD05E29B20A0277A00764FD9 /* Drawer */;
			targetProxy = FD05E2B520A0277D00764FD9 /* PBXContainerItemProxy */;
		};
		FD05E2C120A0277D00764FD9 /* PBXTargetDependency */ = {
			isa = PBXTargetDependency;
			target = FD05E29B20A0277A00764FD9 /* Drawer */;
			targetProxy = FD05E2C020A0277D00764FD9 /* PBXContainerItemProxy */;
		};
/* End PBXTargetDependency section */

/* Begin PBXVariantGroup section */
		FD05E2A520A0277A00764FD9 /* Main.storyboard */ = {
			isa = PBXVariantGroup;
			children = (
				FD05E2A620A0277A00764FD9 /* Base */,
			);
			name = Main.storyboard;
			sourceTree = "<group>";
		};
		FD05E2AA20A0277D00764FD9 /* LaunchScreen.storyboard */ = {
			isa = PBXVariantGroup;
			children = (
				FD05E2AB20A0277D00764FD9 /* Base */,
			);
			name = LaunchScreen.storyboard;
			sourceTree = "<group>";
		};
/* End PBXVariantGroup section */

/* Begin XCBuildConfiguration section */
		FD05E2C620A0277D00764FD9 /* Debug */ = {
			isa = XCBuildConfiguration;
			buildSettings = {
				ALWAYS_SEARCH_USER_PATHS = NO;
				CLANG_ANALYZER_NONNULL = YES;
				CLANG_ANALYZER_NUMBER_OBJECT_CONVERSION = YES_AGGRESSIVE;
				CLANG_CXX_LANGUAGE_STANDARD = "gnu++14";
				CLANG_CXX_LIBRARY = "libc++";
				CLANG_ENABLE_MODULES = YES;
				CLANG_ENABLE_OBJC_ARC = YES;
				CLANG_ENABLE_OBJC_WEAK = YES;
				CLANG_WARN_BLOCK_CAPTURE_AUTORELEASING = YES;
				CLANG_WARN_BOOL_CONVERSION = YES;
				CLANG_WARN_COMMA = YES;
				CLANG_WARN_CONSTANT_CONVERSION = YES;
				CLANG_WARN_DEPRECATED_OBJC_IMPLEMENTATIONS = YES;
				CLANG_WARN_DIRECT_OBJC_ISA_USAGE = YES_ERROR;
				CLANG_WARN_DOCUMENTATION_COMMENTS = YES;
				CLANG_WARN_EMPTY_BODY = YES;
				CLANG_WARN_ENUM_CONVERSION = YES;
				CLANG_WARN_INFINITE_RECURSION = YES;
				CLANG_WARN_INT_CONVERSION = YES;
				CLANG_WARN_NON_LITERAL_NULL_CONVERSION = YES;
				CLANG_WARN_OBJC_IMPLICIT_RETAIN_SELF = YES;
				CLANG_WARN_OBJC_LITERAL_CONVERSION = YES;
				CLANG_WARN_OBJC_ROOT_CLASS = YES_ERROR;
				CLANG_WARN_RANGE_LOOP_ANALYSIS = YES;
				CLANG_WARN_STRICT_PROTOTYPES = YES;
				CLANG_WARN_SUSPICIOUS_MOVE = YES;
				CLANG_WARN_UNGUARDED_AVAILABILITY = YES_AGGRESSIVE;
				CLANG_WARN_UNREACHABLE_CODE = YES;
				CLANG_WARN__DUPLICATE_METHOD_MATCH = YES;
				CODE_SIGN_IDENTITY = "iPhone Developer";
				COPY_PHASE_STRIP = NO;
				DEBUG_INFORMATION_FORMAT = dwarf;
				ENABLE_STRICT_OBJC_MSGSEND = YES;
				ENABLE_TESTABILITY = YES;
				GCC_C_LANGUAGE_STANDARD = gnu11;
				GCC_DYNAMIC_NO_PIC = NO;
				GCC_NO_COMMON_BLOCKS = YES;
				GCC_OPTIMIZATION_LEVEL = 0;
				GCC_PREPROCESSOR_DEFINITIONS = (
					"DEBUG=1",
					"$(inherited)",
				);
				GCC_WARN_64_TO_32_BIT_CONVERSION = YES;
				GCC_WARN_ABOUT_RETURN_TYPE = YES_ERROR;
				GCC_WARN_UNDECLARED_SELECTOR = YES;
				GCC_WARN_UNINITIALIZED_AUTOS = YES_AGGRESSIVE;
				GCC_WARN_UNUSED_FUNCTION = YES;
				GCC_WARN_UNUSED_VARIABLE = YES;
				IPHONEOS_DEPLOYMENT_TARGET = 11.3;
				MTL_ENABLE_DEBUG_INFO = YES;
				ONLY_ACTIVE_ARCH = YES;
				SDKROOT = iphoneos;
			};
			name = Debug;
		};
		FD05E2C720A0277D00764FD9 /* Release */ = {
			isa = XCBuildConfiguration;
			buildSettings = {
				ALWAYS_SEARCH_USER_PATHS = NO;
				CLANG_ANALYZER_NONNULL = YES;
				CLANG_ANALYZER_NUMBER_OBJECT_CONVERSION = YES_AGGRESSIVE;
				CLANG_CXX_LANGUAGE_STANDARD = "gnu++14";
				CLANG_CXX_LIBRARY = "libc++";
				CLANG_ENABLE_MODULES = YES;
				CLANG_ENABLE_OBJC_ARC = YES;
				CLANG_ENABLE_OBJC_WEAK = YES;
				CLANG_WARN_BLOCK_CAPTURE_AUTORELEASING = YES;
				CLANG_WARN_BOOL_CONVERSION = YES;
				CLANG_WARN_COMMA = YES;
				CLANG_WARN_CONSTANT_CONVERSION = YES;
				CLANG_WARN_DEPRECATED_OBJC_IMPLEMENTATIONS = YES;
				CLANG_WARN_DIRECT_OBJC_ISA_USAGE = YES_ERROR;
				CLANG_WARN_DOCUMENTATION_COMMENTS = YES;
				CLANG_WARN_EMPTY_BODY = YES;
				CLANG_WARN_ENUM_CONVERSION = YES;
				CLANG_WARN_INFINITE_RECURSION = YES;
				CLANG_WARN_INT_CONVERSION = YES;
				CLANG_WARN_NON_LITERAL_NULL_CONVERSION = YES;
				CLANG_WARN_OBJC_IMPLICIT_RETAIN_SELF = YES;
				CLANG_WARN_OBJC_LITERAL_CONVERSION = YES;
				CLANG_WARN_OBJC_ROOT_CLASS = YES_ERROR;
				CLANG_WARN_RANGE_LOOP_ANALYSIS = YES;
				CLANG_WARN_STRICT_PROTOTYPES = YES;
				CLANG_WARN_SUSPICIOUS_MOVE = YES;
				CLANG_WARN_UNGUARDED_AVAILABILITY = YES_AGGRESSIVE;
				CLANG_WARN_UNREACHABLE_CODE = YES;
				CLANG_WARN__DUPLICATE_METHOD_MATCH = YES;
				CODE_SIGN_IDENTITY = "iPhone Developer";
				COPY_PHASE_STRIP = NO;
				DEBUG_INFORMATION_FORMAT = "dwarf-with-dsym";
				ENABLE_NS_ASSERTIONS = NO;
				ENABLE_STRICT_OBJC_MSGSEND = YES;
				GCC_C_LANGUAGE_STANDARD = gnu11;
				GCC_NO_COMMON_BLOCKS = YES;
				GCC_WARN_64_TO_32_BIT_CONVERSION = YES;
				GCC_WARN_ABOUT_RETURN_TYPE = YES_ERROR;
				GCC_WARN_UNDECLARED_SELECTOR = YES;
				GCC_WARN_UNINITIALIZED_AUTOS = YES_AGGRESSIVE;
				GCC_WARN_UNUSED_FUNCTION = YES;
				GCC_WARN_UNUSED_VARIABLE = YES;
				IPHONEOS_DEPLOYMENT_TARGET = 11.3;
				MTL_ENABLE_DEBUG_INFO = NO;
				SDKROOT = iphoneos;
				VALIDATE_PRODUCT = YES;
			};
			name = Release;
		};
		FD05E2C920A0277D00764FD9 /* Debug */ = {
			isa = XCBuildConfiguration;
			buildSettings = {
				ASSETCATALOG_COMPILER_APPICON_NAME = AppIcon;
				CODE_SIGN_STYLE = Automatic;
				DEVELOPMENT_TEAM = SX8PGCDPTD;
				INFOPLIST_FILE = Drawer/Info.plist;
				LD_RUNPATH_SEARCH_PATHS = (
					"$(inherited)",
					"@executable_path/Frameworks",
				);
				PRODUCT_BUNDLE_IDENTIFIER = "Wangli-Technology-Co.-Ltd.Drawer";
				PRODUCT_NAME = "$(TARGET_NAME)";
				TARGETED_DEVICE_FAMILY = "1,2";
			};
			name = Debug;
		};
		FD05E2CA20A0277D00764FD9 /* Release */ = {
			isa = XCBuildConfiguration;
			buildSettings = {
				ASSETCATALOG_COMPILER_APPICON_NAME = AppIcon;
				CODE_SIGN_STYLE = Automatic;
				DEVELOPMENT_TEAM = SX8PGCDPTD;
				INFOPLIST_FILE = Drawer/Info.plist;
				LD_RUNPATH_SEARCH_PATHS = (
					"$(inherited)",
					"@executable_path/Frameworks",
				);
				PRODUCT_BUNDLE_IDENTIFIER = "Wangli-Technology-Co.-Ltd.Drawer";
				PRODUCT_NAME = "$(TARGET_NAME)";
				TARGETED_DEVICE_FAMILY = "1,2";
			};
			name = Release;
		};
		FD05E2CC20A0277D00764FD9 /* Debug */ = {
			isa = XCBuildConfiguration;
			buildSettings = {
				BUNDLE_LOADER = "$(TEST_HOST)";
				CODE_SIGN_STYLE = Automatic;
				DEVELOPMENT_TEAM = SX8PGCDPTD;
				INFOPLIST_FILE = DrawerTests/Info.plist;
				LD_RUNPATH_SEARCH_PATHS = (
					"$(inherited)",
					"@executable_path/Frameworks",
					"@loader_path/Frameworks",
				);
				PRODUCT_BUNDLE_IDENTIFIER = "Wangli-Technology-Co.-Ltd.DrawerTests";
				PRODUCT_NAME = "$(TARGET_NAME)";
				TARGETED_DEVICE_FAMILY = "1,2";
				TEST_HOST = "$(BUILT_PRODUCTS_DIR)/Drawer.app/Drawer";
			};
			name = Debug;
		};
		FD05E2CD20A0277D00764FD9 /* Release */ = {
			isa = XCBuildConfiguration;
			buildSettings = {
				BUNDLE_LOADER = "$(TEST_HOST)";
				CODE_SIGN_STYLE = Automatic;
				DEVELOPMENT_TEAM = SX8PGCDPTD;
				INFOPLIST_FILE = DrawerTests/Info.plist;
				LD_RUNPATH_SEARCH_PATHS = (
					"$(inherited)",
					"@executable_path/Frameworks",
					"@loader_path/Frameworks",
				);
				PRODUCT_BUNDLE_IDENTIFIER = "Wangli-Technology-Co.-Ltd.DrawerTests";
				PRODUCT_NAME = "$(TARGET_NAME)";
				TARGETED_DEVICE_FAMILY = "1,2";
				TEST_HOST = "$(BUILT_PRODUCTS_DIR)/Drawer.app/Drawer";
			};
			name = Release;
		};
		FD05E2CF20A0277D00764FD9 /* Debug */ = {
			isa = XCBuildConfiguration;
			buildSettings = {
				CODE_SIGN_STYLE = Automatic;
				DEVELOPMENT_TEAM = SX8PGCDPTD;
				INFOPLIST_FILE = DrawerUITests/Info.plist;
				LD_RUNPATH_SEARCH_PATHS = (
					"$(inherited)",
					"@executable_path/Frameworks",
					"@loader_path/Frameworks",
				);
				PRODUCT_BUNDLE_IDENTIFIER = "Wangli-Technology-Co.-Ltd.DrawerUITests";
				PRODUCT_NAME = "$(TARGET_NAME)";
				TARGETED_DEVICE_FAMILY = "1,2";
				TEST_TARGET_NAME = Drawer;
			};
			name = Debug;
		};
		FD05E2D020A0277D00764FD9 /* Release */ = {
			isa = XCBuildConfiguration;
			buildSettings = {
				CODE_SIGN_STYLE = Automatic;
				DEVELOPMENT_TEAM = SX8PGCDPTD;
				INFOPLIST_FILE = DrawerUITests/Info.plist;
				LD_RUNPATH_SEARCH_PATHS = (
					"$(inherited)",
					"@executable_path/Frameworks",
					"@loader_path/Frameworks",
				);
				PRODUCT_BUNDLE_IDENTIFIER = "Wangli-Technology-Co.-Ltd.DrawerUITests";
				PRODUCT_NAME = "$(TARGET_NAME)";
				TARGETED_DEVICE_FAMILY = "1,2";
				TEST_TARGET_NAME = Drawer;
			};
			name = Release;
		};
/* End XCBuildConfiguration section */

/* Begin XCConfigurationList section */
		FD05E29720A0277A00764FD9 /* Build configuration list for PBXProject "Drawer" */ = {
			isa = XCConfigurationList;
			buildConfigurations = (
				FD05E2C620A0277D00764FD9 /* Debug */,
				FD05E2C720A0277D00764FD9 /* Release */,
			);
			defaultConfigurationIsVisible = 0;
			defaultConfigurationName = Release;
		};
		FD05E2C820A0277D00764FD9 /* Build configuration list for PBXNativeTarget "Drawer" */ = {
			isa = XCConfigurationList;
			buildConfigurations = (
				FD05E2C920A0277D00764FD9 /* Debug */,
				FD05E2CA20A0277D00764FD9 /* Release */,
			);
			defaultConfigurationIsVisible = 0;
			defaultConfigurationName = Release;
		};
		FD05E2CB20A0277D00764FD9 /* Build configuration list for PBXNativeTarget "DrawerTests" */ = {
			isa = XCConfigurationList;
			buildConfigurations = (
				FD05E2CC20A0277D00764FD9 /* Debug */,
				FD05E2CD20A0277D00764FD9 /* Release */,
			);
			defaultConfigurationIsVisible = 0;
			defaultConfigurationName = Release;
		};
		FD05E2CE20A0277D00764FD9 /* Build configuration list for PBXNativeTarget "DrawerUITests" */ = {
			isa = XCConfigurationList;
			buildConfigurations = (
				FD05E2CF20A0277D00764FD9 /* Debug */,
				FD05E2D020A0277D00764FD9 /* Release */,
			);
			defaultConfigurationIsVisible = 0;
			defaultConfigurationName = Release;
		};
/* End XCConfigurationList section */
	};
	rootObject = FD05E29420A0277A00764FD9 /* Project object */;
}
